
Microsoft Visual Studio Solution File, Format Version 12.00
# Visual Studio Version 17
VisualStudioVersion = 17.5.33502.453
MinimumVisualStudioVersion = 10.0.40219.1
Project("{FAE04EC0-301F-11D3-BF4B-00C04F79EFBC}") = "FilterExercise", "FilterExercise.csproj", "{418AF7A1-1FE7-43C7-B48F-51BC9BEF4533}"
EndProject
Global
	GlobalSection(SolutionConfigurationPlatforms) = preSolution
		Debug|Any CPU = Debug|Any CPU
		Release|Any CPU = Release|Any CPU
	EndGlobalSection
	GlobalSection(ProjectConfigurationPlatforms) = postSolution
		{418AF7A1-1FE7-43C7-B48F-51BC9BEF4533}.Debug|Any CPU.ActiveCfg = Debug|Any CPU
		{418AF7A1-1FE7-43C7-B48F-51BC9BEF4533}.Debug|Any CPU.Build.0 = Debug|Any CPU
		{418AF7A1-1FE7-43C7-B48F-51BC9BEF4533}.Release|Any CPU.ActiveCfg = Release|Any CPU
		{418AF7A1-1FE7-43C7-B48F-51BC9BEF4533}.Release|Any CPU.Build.0 = Release|Any CPU
	EndGlobalSection
	GlobalSection(SolutionProperties) = preSolution
		HideSolutionNode = FALSE
	EndGlobalSection
	GlobalSection(ExtensibilityGlobals) = postSolution
		SolutionGuid = {E0D17485-4E8F-4C79-902D-EF9AEA5B5F42}
	EndGlobalSection
EndGlobal
